
Microsoft Visual Studio Solution File, Format Version 12.00
# Visual Studio Version 17
VisualStudioVersion = 17.4.33205.214
MinimumVisualStudioVersion = 10.0.40219.1
Project("{FAE04EC0-301F-11D3-BF4B-00C04F79EFBC}") = "Exceptionn", "Exception\Exceptionn.csproj", "{AA46EE9D-4512-4196-9D0C-01991628831A}"
EndProject
Project("{FAE04EC0-301F-11D3-BF4B-00C04F79EFBC}") = "WindowsFormsApp1", "WindowsFormsApp1\WindowsFormsApp1.csproj", "{CF54BFAF-ECAA-4453-A162-6BC4C53EA092}"
EndProject
Global
	GlobalSection(SolutionConfigurationPlatforms) = preSolution
		Debug|Any CPU = Debug|Any CPU
		Release|Any CPU = Release|Any CPU
	EndGlobalSection
	GlobalSection(ProjectConfigurationPlatforms) = postSolution
		{AA46EE9D-4512-4196-9D0C-01991628831A}.Debug|Any CPU.ActiveCfg = Debug|Any CPU
		{AA46EE9D-4512-4196-9D0C-01991628831A}.Debug|Any CPU.Build.0 = Debug|Any CPU
		{AA46EE9D-4512-4196-9D0C-01991628831A}.Release|Any CPU.ActiveCfg = Release|Any CPU
		{AA46EE9D-4512-4196-9D0C-01991628831A}.Release|Any CPU.Build.0 = Release|Any CPU
		{CF54BFAF-ECAA-4453-A162-6BC4C53EA092}.Debug|Any CPU.ActiveCfg = Debug|Any CPU
		{CF54BFAF-ECAA-4453-A162-6BC4C53EA092}.Debug|Any CPU.Build.0 = Debug|Any CPU
		{CF54BFAF-ECAA-4453-A162-6BC4C53EA092}.Release|Any CPU.ActiveCfg = Release|Any CPU
		{CF54BFAF-ECAA-4453-A162-6BC4C53EA092}.Release|Any CPU.Build.0 = Release|Any CPU
	EndGlobalSection
	GlobalSection(SolutionProperties) = preSolution
		HideSolutionNode = FALSE
	EndGlobalSection
	GlobalSection(ExtensibilityGlobals) = postSolution
		SolutionGuid = {14525362-E738-4E47-9080-135FDC39622A}
	EndGlobalSection
EndGlobal
